// !$*UTF8*$!
{
	archiveVersion = 1;
	classes = {
	};
	objectVersion = 46;
	objects = {

/* Begin PBXBuildFile section */
		045FEE5B18B2ED6E00D92F97 /* Foundation.framework in Frameworks */ = {isa = PBXBuildFile; fileRef = 045FEE5A18B2ED6E00D92F97 /* Foundation.framework */; };
		045FEE5D18B2ED6E00D92F97 /* CoreGraphics.framework in Frameworks */ = {isa = PBXBuildFile; fileRef = 045FEE5C18B2ED6E00D92F97 /* CoreGraphics.framework */; };
		045FEE5F18B2ED6E00D92F97 /* UIKit.framework in Frameworks */ = {isa = PBXBuildFile; fileRef = 045FEE5E18B2ED6E00D92F97 /* UIKit.framework */; };
		045FEE6518B2ED6E00D92F97 /* InfoPlist.strings in Resources */ = {isa = PBXBuildFile; fileRef = 045FEE6318B2ED6E00D92F97 /* InfoPlist.strings */; };
		045FEE6718B2ED6E00D92F97 /* main.m in Sources */ = {isa = PBXBuildFile; fileRef = 045FEE6618B2ED6E00D92F97 /* main.m */; };
		045FEE6B18B2ED6E00D92F97 /* AppDelegate.m in Sources */ = {isa = PBXBuildFile; fileRef = 045FEE6A18B2ED6E00D92F97 /* AppDelegate.m */; };
		045FEE6E18B2ED6E00D92F97 /* Main.storyboard in Resources */ = {isa = PBXBuildFile; fileRef = 045FEE6C18B2ED6E00D92F97 /* Main.storyboard */; };
		045FEE7118B2ED6E00D92F97 /* ViewController.m in Sources */ = {isa = PBXBuildFile; fileRef = 045FEE7018B2ED6E00D92F97 /* ViewController.m */; };
		045FEE7318B2ED6E00D92F97 /* Images.xcassets in Resources */ = {isa = PBXBuildFile; fileRef = 045FEE7218B2ED6E00D92F97 /* Images.xcassets */; };
		045FEE7A18B2ED6E00D92F97 /* XCTest.framework in Frameworks */ = {isa = PBXBuildFile; fileRef = 045FEE7918B2ED6E00D92F97 /* XCTest.framework */; };
		045FEE7B18B2ED6E00D92F97 /* Foundation.framework in Frameworks */ = {isa = PBXBuildFile; fileRef = 045FEE5A18B2ED6E00D92F97 /* Foundation.framework */; };
		045FEE7C18B2ED6E00D92F97 /* UIKit.framework in Frameworks */ = {isa = PBXBuildFile; fileRef = 045FEE5E18B2ED6E00D92F97 /* UIKit.framework */; };
		045FEE8418B2ED6E00D92F97 /* InfoPlist.strings in Resources */ = {isa = PBXBuildFile; fileRef = 045FEE8218B2ED6E00D92F97 /* InfoPlist.strings */; };
		045FEE8618B2ED6E00D92F97 /* PicTableViewTests.m in Sources */ = {isa = PBXBuildFile; fileRef = 045FEE8518B2ED6E00D92F97 /* PicTableViewTests.m */; };
		045FEE9118B2F2CE00D92F97 /* CustomCell.m in Sources */ = {isa = PBXBuildFile; fileRef = 045FEE9018B2F2CE00D92F97 /* CustomCell.m */; };
		045FEE9518B3136600D92F97 /* ImageDetailViewController.m in Sources */ = {isa = PBXBuildFile; fileRef = 045FEE9418B3136600D92F97 /* ImageDetailViewController.m */; };
		045FEE9718B420E700D92F97 /* horses.jpg in Resources */ = {isa = PBXBuildFile; fileRef = 045FEE9618B420E700D92F97 /* horses.jpg */; };
		045FEEA418B426B600D92F97 /* libPXAPI.a in Frameworks */ = {isa = PBXBuildFile; fileRef = 045FEE9E18B4226F00D92F97 /* libPXAPI.a */; };
		045FEEE018B42B8700D92F97 /* MKAnnotationView+WebCache.m in Sources */ = {isa = PBXBuildFile; fileRef = 045FEEC418B42B8700D92F97 /* MKAnnotationView+WebCache.m */; };
		045FEEE118B42B8700D92F97 /* NSData+GIF.m in Sources */ = {isa = PBXBuildFile; fileRef = 045FEEC618B42B8700D92F97 /* NSData+GIF.m */; };
		045FEEE218B42B8700D92F97 /* SDImageCache.m in Sources */ = {isa = PBXBuildFile; fileRef = 045FEEC818B42B8700D92F97 /* SDImageCache.m */; };
		045FEEE318B42B8700D92F97 /* SDWebImageCompat.m in Sources */ = {isa = PBXBuildFile; fileRef = 045FEECA18B42B8700D92F97 /* SDWebImageCompat.m */; };
		045FEEE418B42B8700D92F97 /* SDWebImageDecoder.m in Sources */ = {isa = PBXBuildFile; fileRef = 045FEECC18B42B8700D92F97 /* SDWebImageDecoder.m */; };
		045FEEE518B42B8700D92F97 /* SDWebImageDownloader.m in Sources */ = {isa = PBXBuildFile; fileRef = 045FEECE18B42B8700D92F97 /* SDWebImageDownloader.m */; };
		045FEEE618B42B8700D92F97 /* SDWebImageDownloaderOperation.m in Sources */ = {isa = PBXBuildFile; fileRef = 045FEED018B42B8700D92F97 /* SDWebImageDownloaderOperation.m */; };
		045FEEE718B42B8700D92F97 /* SDWebImageManager.m in Sources */ = {isa = PBXBuildFile; fileRef = 045FEED218B42B8700D92F97 /* SDWebImageManager.m */; };
		045FEEE818B42B8700D92F97 /* SDWebImagePrefetcher.m in Sources */ = {isa = PBXBuildFile; fileRef = 045FEED518B42B8700D92F97 /* SDWebImagePrefetcher.m */; };
		045FEEE918B42B8700D92F97 /* UIButton+WebCache.m in Sources */ = {isa = PBXBuildFile; fileRef = 045FEED718B42B8700D92F97 /* UIButton+WebCache.m */; };
		045FEEEA18B42B8700D92F97 /* UIImage+GIF.m in Sources */ = {isa = PBXBuildFile; fileRef = 045FEED918B42B8700D92F97 /* UIImage+GIF.m */; };
		045FEEEB18B42B8700D92F97 /* UIImage+MultiFormat.m in Sources */ = {isa = PBXBuildFile; fileRef = 045FEEDB18B42B8700D92F97 /* UIImage+MultiFormat.m */; };
		045FEEEC18B42B8700D92F97 /* UIImage+WebP.m in Sources */ = {isa = PBXBuildFile; fileRef = 045FEEDD18B42B8700D92F97 /* UIImage+WebP.m */; };
		045FEEED18B42B8700D92F97 /* UIImageView+WebCache.m in Sources */ = {isa = PBXBuildFile; fileRef = 045FEEDF18B42B8700D92F97 /* UIImageView+WebCache.m */; };
/* End PBXBuildFile section */

/* Begin PBXContainerItemProxy section */
		045FEE7D18B2ED6E00D92F97 /* PBXContainerItemProxy */ = {
			isa = PBXContainerItemProxy;
			containerPortal = 045FEE4F18B2ED6E00D92F97 /* Project object */;
			proxyType = 1;
			remoteGlobalIDString = 045FEE5618B2ED6E00D92F97;
			remoteInfo = PicTableView;
		};
		045FEE9D18B4226F00D92F97 /* PBXContainerItemProxy */ = {
			isa = PBXContainerItemProxy;
			containerPortal = 045FEE9818B4226F00D92F97 /* PXAPI.xcodeproj */;
			proxyType = 2;
			remoteGlobalIDString = 5EB9AFC415C34F3F002E7F6D;
			remoteInfo = PXAPI;
		};
		045FEE9F18B4226F00D92F97 /* PBXContainerItemProxy */ = {
			isa = PBXContainerItemProxy;
			containerPortal = 045FEE9818B4226F00D92F97 /* PXAPI.xcodeproj */;
			proxyType = 2;
			remoteGlobalIDString = 5EB9AFD515C34F3F002E7F6D;
			remoteInfo = tests;
		};
/* End PBXContainerItemProxy section */

/* Begin PBXFileReference section */
		045FEE5718B2ED6E00D92F97 /* PicTableView.app */ = {isa = PBXFileReference; explicitFileType = wrapper.application; includeInIndex = 0; path = PicTableView.app; sourceTree = BUILT_PRODUCTS_DIR; };
		045FEE5A18B2ED6E00D92F97 /* Foundation.framework */ = {isa = PBXFileReference; lastKnownFileType = wrapper.framework; name = Foundation.framework; path = System/Library/Frameworks/Foundation.framework; sourceTree = SDKROOT; };
		045FEE5C18B2ED6E00D92F97 /* CoreGraphics.framework */ = {isa = PBXFileReference; lastKnownFileType = wrapper.framework; name = CoreGraphics.framework; path = System/Library/Frameworks/CoreGraphics.framework; sourceTree = SDKROOT; };
		045FEE5E18B2ED6E00D92F97 /* UIKit.framework */ = {isa = PBXFileReference; lastKnownFileType = wrapper.framework; name = UIKit.framework; path = System/Library/Frameworks/UIKit.framework; sourceTree = SDKROOT; };
		045FEE6218B2ED6E00D92F97 /* PicTableView-Info.plist */ = {isa = PBXFileReference; lastKnownFileType = text.plist.xml; path = "PicTableView-Info.plist"; sourceTree = "<group>"; };
		045FEE6418B2ED6E00D92F97 /* en */ = {isa = PBXFileReference; lastKnownFileType = text.plist.strings; name = en; path = en.lproj/InfoPlist.strings; sourceTree = "<group>"; };
		045FEE6618B2ED6E00D92F97 /* main.m */ = {isa = PBXFileReference; lastKnownFileType = sourcecode.c.objc; path = main.m; sourceTree = "<group>"; };
		045FEE6818B2ED6E00D92F97 /* PicTableView-Prefix.pch */ = {isa = PBXFileReference; lastKnownFileType = sourcecode.c.h; path = "PicTableView-Prefix.pch"; sourceTree = "<group>"; };
		045FEE6918B2ED6E00D92F97 /* AppDelegate.h */ = {isa = PBXFileReference; lastKnownFileType = sourcecode.c.h; path = AppDelegate.h; sourceTree = "<group>"; };
		045FEE6A18B2ED6E00D92F97 /* AppDelegate.m */ = {isa = PBXFileReference; lastKnownFileType = sourcecode.c.objc; path = AppDelegate.m; sourceTree = "<group>"; };
		045FEE6D18B2ED6E00D92F97 /* Base */ = {isa = PBXFileReference; lastKnownFileType = file.storyboard; name = Base; path = Base.lproj/Main.storyboard; sourceTree = "<group>"; };
		045FEE6F18B2ED6E00D92F97 /* ViewController.h */ = {isa = PBXFileReference; lastKnownFileType = sourcecode.c.h; path = ViewController.h; sourceTree = "<group>"; };
		045FEE7018B2ED6E00D92F97 /* ViewController.m */ = {isa = PBXFileReference; lastKnownFileType = sourcecode.c.objc; path = ViewController.m; sourceTree = "<group>"; };
		045FEE7218B2ED6E00D92F97 /* Images.xcassets */ = {isa = PBXFileReference; lastKnownFileType = folder.assetcatalog; path = Images.xcassets; sourceTree = "<group>"; };
		045FEE7818B2ED6E00D92F97 /* PicTableViewTests.xctest */ = {isa = PBXFileReference; explicitFileType = wrapper.cfbundle; includeInIndex = 0; path = PicTableViewTests.xctest; sourceTree = BUILT_PRODUCTS_DIR; };
		045FEE7918B2ED6E00D92F97 /* XCTest.framework */ = {isa = PBXFileReference; lastKnownFileType = wrapper.framework; name = XCTest.framework; path = Library/Frameworks/XCTest.framework; sourceTree = DEVELOPER_DIR; };
		045FEE8118B2ED6E00D92F97 /* PicTableViewTests-Info.plist */ = {isa = PBXFileReference; lastKnownFileType = text.plist.xml; path = "PicTableViewTests-Info.plist"; sourceTree = "<group>"; };
		045FEE8318B2ED6E00D92F97 /* en */ = {isa = PBXFileReference; lastKnownFileType = text.plist.strings; name = en; path = en.lproj/InfoPlist.strings; sourceTree = "<group>"; };
		045FEE8518B2ED6E00D92F97 /* PicTableViewTests.m */ = {isa = PBXFileReference; lastKnownFileType = sourcecode.c.objc; path = PicTableViewTests.m; sourceTree = "<group>"; };
		045FEE8F18B2F2CE00D92F97 /* CustomCell.h */ = {isa = PBXFileReference; fileEncoding = 4; lastKnownFileType = sourcecode.c.h; path = CustomCell.h; sourceTree = "<group>"; };
		045FEE9018B2F2CE00D92F97 /* CustomCell.m */ = {isa = PBXFileReference; fileEncoding = 4; lastKnownFileType = sourcecode.c.objc; path = CustomCell.m; sourceTree = "<group>"; };
		045FEE9318B3136600D92F97 /* ImageDetailViewController.h */ = {isa = PBXFileReference; fileEncoding = 4; lastKnownFileType = sourcecode.c.h; path = ImageDetailViewController.h; sourceTree = "<group>"; };
		045FEE9418B3136600D92F97 /* ImageDetailViewController.m */ = {isa = PBXFileReference; fileEncoding = 4; lastKnownFileType = sourcecode.c.objc; path = ImageDetailViewController.m; sourceTree = "<group>"; };
		045FEE9618B420E700D92F97 /* horses.jpg */ = {isa = PBXFileReference; lastKnownFileType = image.jpeg; path = horses.jpg; sourceTree = "<group>"; };
		045FEE9818B4226F00D92F97 /* PXAPI.xcodeproj */ = {isa = PBXFileReference; lastKnownFileType = "wrapper.pb-project"; name = PXAPI.xcodeproj; path = "500px-iOS-api/PXAPI.xcodeproj"; sourceTree = "<group>"; };
		045FEEC318B42B8700D92F97 /* MKAnnotationView+WebCache.h */ = {isa = PBXFileReference; fileEncoding = 4; lastKnownFileType = sourcecode.c.h; path = "MKAnnotationView+WebCache.h"; sourceTree = "<group>"; };
		045FEEC418B42B8700D92F97 /* MKAnnotationView+WebCache.m */ = {isa = PBXFileReference; fileEncoding = 4; lastKnownFileType = sourcecode.c.objc; path = "MKAnnotationView+WebCache.m"; sourceTree = "<group>"; };
		045FEEC518B42B8700D92F97 /* NSData+GIF.h */ = {isa = PBXFileReference; fileEncoding = 4; lastKnownFileType = sourcecode.c.h; path = "NSData+GIF.h"; sourceTree = "<group>"; };
		045FEEC618B42B8700D92F97 /* NSData+GIF.m */ = {isa = PBXFileReference; fileEncoding = 4; lastKnownFileType = sourcecode.c.objc; path = "NSData+GIF.m"; sourceTree = "<group>"; };
		045FEEC718B42B8700D92F97 /* SDImageCache.h */ = {isa = PBXFileReference; fileEncoding = 4; lastKnownFileType = sourcecode.c.h; path = SDImageCache.h; sourceTree = "<group>"; };
		045FEEC818B42B8700D92F97 /* SDImageCache.m */ = {isa = PBXFileReference; fileEncoding = 4; lastKnownFileType = sourcecode.c.objc; path = SDImageCache.m; sourceTree = "<group>"; };
		045FEEC918B42B8700D92F97 /* SDWebImageCompat.h */ = {isa = PBXFileReference; fileEncoding = 4; lastKnownFileType = sourcecode.c.h; path = SDWebImageCompat.h; sourceTree = "<group>"; };
		045FEECA18B42B8700D92F97 /* SDWebImageCompat.m */ = {isa = PBXFileReference; fileEncoding = 4; lastKnownFileType = sourcecode.c.objc; path = SDWebImageCompat.m; sourceTree = "<group>"; };
		045FEECB18B42B8700D92F97 /* SDWebImageDecoder.h */ = {isa = PBXFileReference; fileEncoding = 4; lastKnownFileType = sourcecode.c.h; path = SDWebImageDecoder.h; sourceTree = "<group>"; };
		045FEECC18B42B8700D92F97 /* SDWebImageDecoder.m */ = {isa = PBXFileReference; fileEncoding = 4; lastKnownFileType = sourcecode.c.objc; path = SDWebImageDecoder.m; sourceTree = "<group>"; };
		045FEECD18B42B8700D92F97 /* SDWebImageDownloader.h */ = {isa = PBXFileReference; fileEncoding = 4; lastKnownFileType = sourcecode.c.h; path = SDWebImageDownloader.h; sourceTree = "<group>"; };
		045FEECE18B42B8700D92F97 /* SDWebImageDownloader.m */ = {isa = PBXFileReference; fileEncoding = 4; lastKnownFileType = sourcecode.c.objc; path = SDWebImageDownloader.m; sourceTree = "<group>"; };
		045FEECF18B42B8700D92F97 /* SDWebImageDownloaderOperation.h */ = {isa = PBXFileReference; fileEncoding = 4; lastKnownFileType = sourcecode.c.h; path = SDWebImageDownloaderOperation.h; sourceTree = "<group>"; };
		045FEED018B42B8700D92F97 /* SDWebImageDownloaderOperation.m */ = {isa = PBXFileReference; fileEncoding = 4; lastKnownFileType = sourcecode.c.objc; path = SDWebImageDownloaderOperation.m; sourceTree = "<group>"; };
		045FEED118B42B8700D92F97 /* SDWebImageManager.h */ = {isa = PBXFileReference; fileEncoding = 4; lastKnownFileType = sourcecode.c.h; path = SDWebImageManager.h; sourceTree = "<group>"; };
		045FEED218B42B8700D92F97 /* SDWebImageManager.m */ = {isa = PBXFileReference; fileEncoding = 4; lastKnownFileType = sourcecode.c.objc; path = SDWebImageManager.m; sourceTree = "<group>"; };
		045FEED318B42B8700D92F97 /* SDWebImageOperation.h */ = {isa = PBXFileReference; fileEncoding = 4; lastKnownFileType = sourcecode.c.h; path = SDWebImageOperation.h; sourceTree = "<group>"; };
		045FEED418B42B8700D92F97 /* SDWebImagePrefetcher.h */ = {isa = PBXFileReference; fileEncoding = 4; lastKnownFileType = sourcecode.c.h; path = SDWebImagePrefetcher.h; sourceTree = "<group>"; };
		045FEED518B42B8700D92F97 /* SDWebImagePrefetcher.m */ = {isa = PBXFileReference; fileEncoding = 4; lastKnownFileType = sourcecode.c.objc; path = SDWebImagePrefetcher.m; sourceTree = "<group>"; };
		045FEED618B42B8700D92F97 /* UIButton+WebCache.h */ = {isa = PBXFileReference; fileEncoding = 4; lastKnownFileType = sourcecode.c.h; path = "UIButton+WebCache.h"; sourceTree = "<group>"; };
		045FEED718B42B8700D92F97 /* UIButton+WebCache.m */ = {isa = PBXFileReference; fileEncoding = 4; lastKnownFileType = sourcecode.c.objc; path = "UIButton+WebCache.m"; sourceTree = "<group>"; };
		045FEED818B42B8700D92F97 /* UIImage+GIF.h */ = {isa = PBXFileReference; fileEncoding = 4; lastKnownFileType = sourcecode.c.h; path = "UIImage+GIF.h"; sourceTree = "<group>"; };
		045FEED918B42B8700D92F97 /* UIImage+GIF.m */ = {isa = PBXFileReference; fileEncoding = 4; lastKnownFileType = sourcecode.c.objc; path = "UIImage+GIF.m"; sourceTree = "<group>"; };
		045FEEDA18B42B8700D92F97 /* UIImage+MultiFormat.h */ = {isa = PBXFileReference; fileEncoding = 4; lastKnownFileType = sourcecode.c.h; path = "UIImage+MultiFormat.h"; sourceTree = "<group>"; };
		045FEEDB18B42B8700D92F97 /* UIImage+MultiFormat.m */ = {isa = PBXFileReference; fileEncoding = 4; lastKnownFileType = sourcecode.c.objc; path = "UIImage+MultiFormat.m"; sourceTree = "<group>"; };
		045FEEDC18B42B8700D92F97 /* UIImage+WebP.h */ = {isa = PBXFileReference; fileEncoding = 4; lastKnownFileType = sourcecode.c.h; path = "UIImage+WebP.h"; sourceTree = "<group>"; };
		045FEEDD18B42B8700D92F97 /* UIImage+WebP.m */ = {isa = PBXFileReference; fileEncoding = 4; lastKnownFileType = sourcecode.c.objc; path = "UIImage+WebP.m"; sourceTree = "<group>"; };
		045FEEDE18B42B8700D92F97 /* UIImageView+WebCache.h */ = {isa = PBXFileReference; fileEncoding = 4; lastKnownFileType = sourcecode.c.h; path = "UIImageView+WebCache.h"; sourceTree = "<group>"; };
		045FEEDF18B42B8700D92F97 /* UIImageView+WebCache.m */ = {isa = PBXFileReference; fileEncoding = 4; lastKnownFileType = sourcecode.c.objc; path = "UIImageView+WebCache.m"; sourceTree = "<group>"; };
/* End PBXFileReference section */

/* Begin PBXFrameworksBuildPhase section */
		045FEE5418B2ED6E00D92F97 /* Frameworks */ = {
			isa = PBXFrameworksBuildPhase;
			buildActionMask = 2147483647;
			files = (
				045FEEA418B426B600D92F97 /* libPXAPI.a in Frameworks */,
				045FEE5D18B2ED6E00D92F97 /* CoreGraphics.framework in Frameworks */,
				045FEE5F18B2ED6E00D92F97 /* UIKit.framework in Frameworks */,
				045FEE5B18B2ED6E00D92F97 /* Foundation.framework in Frameworks */,
			);
			runOnlyForDeploymentPostprocessing = 0;
		};
		045FEE7518B2ED6E00D92F97 /* Frameworks */ = {
			isa = PBXFrameworksBuildPhase;
			buildActionMask = 2147483647;
			files = (
				045FEE7A18B2ED6E00D92F97 /* XCTest.framework in Frameworks */,
				045FEE7C18B2ED6E00D92F97 /* UIKit.framework in Frameworks */,
				045FEE7B18B2ED6E00D92F97 /* Foundation.framework in Frameworks */,
			);
			runOnlyForDeploymentPostprocessing = 0;
		};
/* End PBXFrameworksBuildPhase section */

/* Begin PBXGroup section */
		045FEE4E18B2ED6E00D92F97 = {
			isa = PBXGroup;
			children = (
				045FEE6018B2ED6E00D92F97 /* PicTableView */,
				045FEE7F18B2ED6E00D92F97 /* PicTableViewTests */,
				045FEE5918B2ED6E00D92F97 /* Frameworks */,
				045FEE5818B2ED6E00D92F97 /* Products */,
			);
			sourceTree = "<group>";
		};
		045FEE5818B2ED6E00D92F97 /* Products */ = {
			isa = PBXGroup;
			children = (
				045FEE5718B2ED6E00D92F97 /* PicTableView.app */,
				045FEE7818B2ED6E00D92F97 /* PicTableViewTests.xctest */,
			);
			name = Products;
			sourceTree = "<group>";
		};
		045FEE5918B2ED6E00D92F97 /* Frameworks */ = {
			isa = PBXGroup;
			children = (
				045FEEC218B42B8700D92F97 /* SDWebImage */,
				045FEE9818B4226F00D92F97 /* PXAPI.xcodeproj */,
				045FEE5A18B2ED6E00D92F97 /* Foundation.framework */,
				045FEE5C18B2ED6E00D92F97 /* CoreGraphics.framework */,
				045FEE5E18B2ED6E00D92F97 /* UIKit.framework */,
				045FEE7918B2ED6E00D92F97 /* XCTest.framework */,
			);
			name = Frameworks;
			sourceTree = "<group>";
		};
		045FEE6018B2ED6E00D92F97 /* PicTableView */ = {
			isa = PBXGroup;
			children = (
				045FEE6918B2ED6E00D92F97 /* AppDelegate.h */,
				045FEE6A18B2ED6E00D92F97 /* AppDelegate.m */,
				045FEE6C18B2ED6E00D92F97 /* Main.storyboard */,
				045FEE6F18B2ED6E00D92F97 /* ViewController.h */,
				045FEE7018B2ED6E00D92F97 /* ViewController.m */,
				045FEE8F18B2F2CE00D92F97 /* CustomCell.h */,
				045FEE9018B2F2CE00D92F97 /* CustomCell.m */,
				045FEE9318B3136600D92F97 /* ImageDetailViewController.h */,
				045FEE9418B3136600D92F97 /* ImageDetailViewController.m */,
				045FEE7218B2ED6E00D92F97 /* Images.xcassets */,
				045FEE6118B2ED6E00D92F97 /* Supporting Files */,
			);
			path = PicTableView;
			sourceTree = "<group>";
		};
		045FEE6118B2ED6E00D92F97 /* Supporting Files */ = {
			isa = PBXGroup;
			children = (
				045FEE9618B420E700D92F97 /* horses.jpg */,
				045FEE6218B2ED6E00D92F97 /* PicTableView-Info.plist */,
				045FEE6318B2ED6E00D92F97 /* InfoPlist.strings */,
				045FEE6618B2ED6E00D92F97 /* main.m */,
				045FEE6818B2ED6E00D92F97 /* PicTableView-Prefix.pch */,
			);
			name = "Supporting Files";
			sourceTree = "<group>";
		};
		045FEE7F18B2ED6E00D92F97 /* PicTableViewTests */ = {
			isa = PBXGroup;
			children = (
				045FEE8518B2ED6E00D92F97 /* PicTableViewTests.m */,
				045FEE8018B2ED6E00D92F97 /* Supporting Files */,
			);
			path = PicTableViewTests;
			sourceTree = "<group>";
		};
		045FEE8018B2ED6E00D92F97 /* Supporting Files */ = {
			isa = PBXGroup;
			children = (
				045FEE8118B2ED6E00D92F97 /* PicTableViewTests-Info.plist */,
				045FEE8218B2ED6E00D92F97 /* InfoPlist.strings */,
			);
			name = "Supporting Files";
			sourceTree = "<group>";
		};
		045FEE9918B4226F00D92F97 /* Products */ = {
			isa = PBXGroup;
			children = (
				045FEE9E18B4226F00D92F97 /* libPXAPI.a */,
				045FEEA018B4226F00D92F97 /* tests.octest */,
			);
			name = Products;
			sourceTree = "<group>";
		};
		045FEEC218B42B8700D92F97 /* SDWebImage */ = {
			isa = PBXGroup;
			children = (
				045FEEC318B42B8700D92F97 /* MKAnnotationView+WebCache.h */,
				045FEEC418B42B8700D92F97 /* MKAnnotationView+WebCache.m */,
				045FEEC518B42B8700D92F97 /* NSData+GIF.h */,
				045FEEC618B42B8700D92F97 /* NSData+GIF.m */,
				045FEEC718B42B8700D92F97 /* SDImageCache.h */,
				045FEEC818B42B8700D92F97 /* SDImageCache.m */,
				045FEEC918B42B8700D92F97 /* SDWebImageCompat.h */,
				045FEECA18B42B8700D92F97 /* SDWebImageCompat.m */,
				045FEECB18B42B8700D92F97 /* SDWebImageDecoder.h */,
				045FEECC18B42B8700D92F97 /* SDWebImageDecoder.m */,
				045FEECD18B42B8700D92F97 /* SDWebImageDownloader.h */,
				045FEECE18B42B8700D92F97 /* SDWebImageDownloader.m */,
				045FEECF18B42B8700D92F97 /* SDWebImageDownloaderOperation.h */,
				045FEED018B42B8700D92F97 /* SDWebImageDownloaderOperation.m */,
				045FEED118B42B8700D92F97 /* SDWebImageManager.h */,
				045FEED218B42B8700D92F97 /* SDWebImageManager.m */,
				045FEED318B42B8700D92F97 /* SDWebImageOperation.h */,
				045FEED418B42B8700D92F97 /* SDWebImagePrefetcher.h */,
				045FEED518B42B8700D92F97 /* SDWebImagePrefetcher.m */,
				045FEED618B42B8700D92F97 /* UIButton+WebCache.h */,
				045FEED718B42B8700D92F97 /* UIButton+WebCache.m */,
				045FEED818B42B8700D92F97 /* UIImage+GIF.h */,
				045FEED918B42B8700D92F97 /* UIImage+GIF.m */,
				045FEEDA18B42B8700D92F97 /* UIImage+MultiFormat.h */,
				045FEEDB18B42B8700D92F97 /* UIImage+MultiFormat.m */,
				045FEEDC18B42B8700D92F97 /* UIImage+WebP.h */,
				045FEEDD18B42B8700D92F97 /* UIImage+WebP.m */,
				045FEEDE18B42B8700D92F97 /* UIImageView+WebCache.h */,
				045FEEDF18B42B8700D92F97 /* UIImageView+WebCache.m */,
			);
			path = SDWebImage;
			sourceTree = "<group>";
		};
/* End PBXGroup section */

/* Begin PBXNativeTarget section */
		045FEE5618B2ED6E00D92F97 /* PicTableView */ = {
			isa = PBXNativeTarget;
			buildConfigurationList = 045FEE8918B2ED6E00D92F97 /* Build configuration list for PBXNativeTarget "PicTableView" */;
			buildPhases = (
				045FEE5318B2ED6E00D92F97 /* Sources */,
				045FEE5418B2ED6E00D92F97 /* Frameworks */,
				045FEE5518B2ED6E00D92F97 /* Resources */,
			);
			buildRules = (
			);
			dependencies = (
			);
			name = PicTableView;
			productName = PicTableView;
			productReference = 045FEE5718B2ED6E00D92F97 /* PicTableView.app */;
			productType = "com.apple.product-type.application";
		};
		045FEE7718B2ED6E00D92F97 /* PicTableViewTests */ = {
			isa = PBXNativeTarget;
			buildConfigurationList = 045FEE8C18B2ED6E00D92F97 /* Build configuration list for PBXNativeTarget "PicTableViewTests" */;
			buildPhases = (
				045FEE7418B2ED6E00D92F97 /* Sources */,
				045FEE7518B2ED6E00D92F97 /* Frameworks */,
				045FEE7618B2ED6E00D92F97 /* Resources */,
			);
			buildRules = (
			);
			dependencies = (
				045FEE7E18B2ED6E00D92F97 /* PBXTargetDependency */,
			);
			name = PicTableViewTests;
			productName = PicTableViewTests;
			productReference = 045FEE7818B2ED6E00D92F97 /* PicTableViewTests.xctest */;
			productType = "com.apple.product-type.bundle.unit-test";
		};
/* End PBXNativeTarget section */

/* Begin PBXProject section */
		045FEE4F18B2ED6E00D92F97 /* Project object */ = {
			isa = PBXProject;
			attributes = {
				LastUpgradeCheck = 0500;
				ORGANIZATIONNAME = Codetastic;
				TargetAttributes = {
					045FEE7718B2ED6E00D92F97 = {
						TestTargetID = 045FEE5618B2ED6E00D92F97;
					};
				};
			};
			buildConfigurationList = 045FEE5218B2ED6E00D92F97 /* Build configuration list for PBXProject "PicTableView" */;
			compatibilityVersion = "Xcode 3.2";
			developmentRegion = English;
			hasScannedForEncodings = 0;
			knownRegions = (
				en,
				Base,
			);
			mainGroup = 045FEE4E18B2ED6E00D92F97;
			productRefGroup = 045FEE5818B2ED6E00D92F97 /* Products */;
			projectDirPath = "";
			projectReferences = (
				{
					ProductGroup = 045FEE9918B4226F00D92F97 /* Products */;
					ProjectRef = 045FEE9818B4226F00D92F97 /* PXAPI.xcodeproj */;
				},
			);
			projectRoot = "";
			targets = (
				045FEE5618B2ED6E00D92F97 /* PicTableView */,
				045FEE7718B2ED6E00D92F97 /* PicTableViewTests */,
			);
		};
/* End PBXProject section */

/* Begin PBXReferenceProxy section */
		045FEE9E18B4226F00D92F97 /* libPXAPI.a */ = {
			isa = PBXReferenceProxy;
			fileType = archive.ar;
			path = libPXAPI.a;
			remoteRef = 045FEE9D18B4226F00D92F97 /* PBXContainerItemProxy */;
			sourceTree = BUILT_PRODUCTS_DIR;
		};
		045FEEA018B4226F00D92F97 /* tests.octest */ = {
			isa = PBXReferenceProxy;
			fileType = wrapper.cfbundle;
			path = tests.octest;
			remoteRef = 045FEE9F18B4226F00D92F97 /* PBXContainerItemProxy */;
			sourceTree = BUILT_PRODUCTS_DIR;
		};
/* End PBXReferenceProxy section */

/* Begin PBXResourcesBuildPhase section */
		045FEE5518B2ED6E00D92F97 /* Resources */ = {
			isa = PBXResourcesBuildPhase;
			buildActionMask = 2147483647;
			files = (
				045FEE7318B2ED6E00D92F97 /* Images.xcassets in Resources */,
				045FEE9718B420E700D92F97 /* horses.jpg in Resources */,
				045FEE6518B2ED6E00D92F97 /* InfoPlist.strings in Resources */,
				045FEE6E18B2ED6E00D92F97 /* Main.storyboard in Resources */,
			);
			runOnlyForDeploymentPostprocessing = 0;
		};
		045FEE7618B2ED6E00D92F97 /* Resources */ = {
			isa = PBXResourcesBuildPhase;
			buildActionMask = 2147483647;
			files = (
				045FEE8418B2ED6E00D92F97 /* InfoPlist.strings in Resources */,
			);
			runOnlyForDeploymentPostprocessing = 0;
		};
/* End PBXResourcesBuildPhase section */

/* Begin PBXSourcesBuildPhase section */
		045FEE5318B2ED6E00D92F97 /* Sources */ = {
			isa = PBXSourcesBuildPhase;
			buildActionMask = 2147483647;
			files = (
				045FEEEB18B42B8700D92F97 /* UIImage+MultiFormat.m in Sources */,
				045FEEEC18B42B8700D92F97 /* UIImage+WebP.m in Sources */,
				045FEEE718B42B8700D92F97 /* SDWebImageManager.m in Sources */,
				045FEE7118B2ED6E00D92F97 /* ViewController.m in Sources */,
				045FEE9518B3136600D92F97 /* ImageDetailViewController.m in Sources */,
				045FEEE118B42B8700D92F97 /* NSData+GIF.m in Sources */,
				045FEEE518B42B8700D92F97 /* SDWebImageDownloader.m in Sources */,
				045FEE6B18B2ED6E00D92F97 /* AppDelegate.m in Sources */,
				045FEEE018B42B8700D92F97 /* MKAnnotationView+WebCache.m in Sources */,
				045FEE9118B2F2CE00D92F97 /* CustomCell.m in Sources */,
				045FEEEA18B42B8700D92F97 /* UIImage+GIF.m in Sources */,
				045FEEE918B42B8700D92F97 /* UIButton+WebCache.m in Sources */,
				045FEEED18B42B8700D92F97 /* UIImageView+WebCache.m in Sources */,
				045FEEE818B42B8700D92F97 /* SDWebImagePrefetcher.m in Sources */,
				045FEEE418B42B8700D92F97 /* SDWebImageDecoder.m in Sources */,
				045FEEE218B42B8700D92F97 /* SDImageCache.m in Sources */,
				045FEEE318B42B8700D92F97 /* SDWebImageCompat.m in Sources */,
				045FEE6718B2ED6E00D92F97 /* main.m in Sources */,
				045FEEE618B42B8700D92F97 /* SDWebImageDownloaderOperation.m in Sources */,
			);
			runOnlyForDeploymentPostprocessing = 0;
		};
		045FEE7418B2ED6E00D92F97 /* Sources */ = {
			isa = PBXSourcesBuildPhase;
			buildActionMask = 2147483647;
			files = (
				045FEE8618B2ED6E00D92F97 /* PicTableViewTests.m in Sources */,
			);
			runOnlyForDeploymentPostprocessing = 0;
		};
/* End PBXSourcesBuildPhase section */

/* Begin PBXTargetDependency section */
		045FEE7E18B2ED6E00D92F97 /* PBXTargetDependency */ = {
			isa = PBXTargetDependency;
			target = 045FEE5618B2ED6E00D92F97 /* PicTableView */;
			targetProxy = 045FEE7D18B2ED6E00D92F97 /* PBXContainerItemProxy */;
		};
/* End PBXTargetDependency section */

/* Begin PBXVariantGroup section */
		045FEE6318B2ED6E00D92F97 /* InfoPlist.strings */ = {
			isa = PBXVariantGroup;
			children = (
				045FEE6418B2ED6E00D92F97 /* en */,
			);
			name = InfoPlist.strings;
			sourceTree = "<group>";
		};
		045FEE6C18B2ED6E00D92F97 /* Main.storyboard */ = {
			isa = PBXVariantGroup;
			children = (
				045FEE6D18B2ED6E00D92F97 /* Base */,
			);
			name = Main.storyboard;
			sourceTree = "<group>";
		};
		045FEE8218B2ED6E00D92F97 /* InfoPlist.strings */ = {
			isa = PBXVariantGroup;
			children = (
				045FEE8318B2ED6E00D92F97 /* en */,
			);
			name = InfoPlist.strings;
			sourceTree = "<group>";
		};
/* End PBXVariantGroup section */

/* Begin XCBuildConfiguration section */
		045FEE8718B2ED6E00D92F97 /* Debug */ = {
			isa = XCBuildConfiguration;
			buildSettings = {
				ALWAYS_SEARCH_USER_PATHS = NO;
				ARCHS = "$(ARCHS_STANDARD_INCLUDING_64_BIT)";
				CLANG_CXX_LANGUAGE_STANDARD = "gnu++0x";
				CLANG_CXX_LIBRARY = "libc++";
				CLANG_ENABLE_MODULES = YES;
				CLANG_ENABLE_OBJC_ARC = YES;
				CLANG_WARN_BOOL_CONVERSION = YES;
				CLANG_WARN_CONSTANT_CONVERSION = YES;
				CLANG_WARN_DIRECT_OBJC_ISA_USAGE = YES_ERROR;
				CLANG_WARN_EMPTY_BODY = YES;
				CLANG_WARN_ENUM_CONVERSION = YES;
				CLANG_WARN_INT_CONVERSION = YES;
				CLANG_WARN_OBJC_ROOT_CLASS = YES_ERROR;
				CLANG_WARN__DUPLICATE_METHOD_MATCH = YES;
				"CODE_SIGN_IDENTITY[sdk=iphoneos*]" = "iPhone Developer";
				COPY_PHASE_STRIP = NO;
				GCC_C_LANGUAGE_STANDARD = gnu99;
				GCC_DYNAMIC_NO_PIC = NO;
				GCC_OPTIMIZATION_LEVEL = 0;
				GCC_PREPROCESSOR_DEFINITIONS = (
					"DEBUG=1",
					"$(inherited)",
				);
				GCC_SYMBOLS_PRIVATE_EXTERN = NO;
				GCC_WARN_64_TO_32_BIT_CONVERSION = YES;
				GCC_WARN_ABOUT_RETURN_TYPE = YES_ERROR;
				GCC_WARN_UNDECLARED_SELECTOR = YES;
				GCC_WARN_UNINITIALIZED_AUTOS = YES;
				GCC_WARN_UNUSED_FUNCTION = YES;
				GCC_WARN_UNUSED_VARIABLE = YES;
				IPHONEOS_DEPLOYMENT_TARGET = 7.0;
				ONLY_ACTIVE_ARCH = YES;
				SDKROOT = iphoneos;
			};
			name = Debug;
		};
		045FEE8818B2ED6E00D92F97 /* Release */ = {
			isa = XCBuildConfiguration;
			buildSettings = {
				ALWAYS_SEARCH_USER_PATHS = NO;
				ARCHS = "$(ARCHS_STANDARD_INCLUDING_64_BIT)";
				CLANG_CXX_LANGUAGE_STANDARD = "gnu++0x";
				CLANG_CXX_LIBRARY = "libc++";
				CLANG_ENABLE_MODULES = YES;
				CLANG_ENABLE_OBJC_ARC = YES;
				CLANG_WARN_BOOL_CONVERSION = YES;
				CLANG_WARN_CONSTANT_CONVERSION = YES;
				CLANG_WARN_DIRECT_OBJC_ISA_USAGE = YES_ERROR;
				CLANG_WARN_EMPTY_BODY = YES;
				CLANG_WARN_ENUM_CONVERSION = YES;
				CLANG_WARN_INT_CONVERSION = YES;
				CLANG_WARN_OBJC_ROOT_CLASS = YES_ERROR;
				CLANG_WARN__DUPLICATE_METHOD_MATCH = YES;
				"CODE_SIGN_IDENTITY[sdk=iphoneos*]" = "iPhone Developer";
				COPY_PHASE_STRIP = YES;
				ENABLE_NS_ASSERTIONS = NO;
				GCC_C_LANGUAGE_STANDARD = gnu99;
				GCC_WARN_64_TO_32_BIT_CONVERSION = YES;
				GCC_WARN_ABOUT_RETURN_TYPE = YES_ERROR;
				GCC_WARN_UNDECLARED_SELECTOR = YES;
				GCC_WARN_UNINITIALIZED_AUTOS = YES;
				GCC_WARN_UNUSED_FUNCTION = YES;
				GCC_WARN_UNUSED_VARIABLE = YES;
				IPHONEOS_DEPLOYMENT_TARGET = 7.0;
				SDKROOT = iphoneos;
				VALIDATE_PRODUCT = YES;
			};
			name = Release;
		};
		045FEE8A18B2ED6E00D92F97 /* Debug */ = {
			isa = XCBuildConfiguration;
			buildSettings = {
				ARCHS = "$(ARCHS_STANDARD)";
				ASSETCATALOG_COMPILER_APPICON_NAME = AppIcon;
				ASSETCATALOG_COMPILER_LAUNCHIMAGE_NAME = LaunchImage;
				GCC_PRECOMPILE_PREFIX_HEADER = YES;
				GCC_PREFIX_HEADER = "PicTableView/PicTableView-Prefix.pch";
				HEADER_SEARCH_PATHS = (
					"$(inherited)",
					/Applications/Xcode.app/Contents/Developer/Toolchains/XcodeDefault.xctoolchain/usr/include,
					"$(SRCROOT)/**",
				);
				INFOPLIST_FILE = "PicTableView/PicTableView-Info.plist";
				IPHONEOS_DEPLOYMENT_TARGET = 6.0;
				OTHER_LDFLAGS = "-ObjC";
				PRODUCT_NAME = "$(TARGET_NAME)";
				WRAPPER_EXTENSION = app;
			};
			name = Debug;
		};
		045FEE8B18B2ED6E00D92F97 /* Release */ = {
			isa = XCBuildConfiguration;
			buildSettings = {
				ARCHS = "$(ARCHS_STANDARD)";
				ASSETCATALOG_COMPILER_APPICON_NAME = AppIcon;
				ASSETCATALOG_COMPILER_LAUNCHIMAGE_NAME = LaunchImage;
				GCC_PRECOMPILE_PREFIX_HEADER = YES;
				GCC_PREFIX_HEADER = "PicTableView/PicTableView-Prefix.pch";
				HEADER_SEARCH_PATHS = (
					"$(inherited)",
					/Applications/Xcode.app/Contents/Developer/Toolchains/XcodeDefault.xctoolchain/usr/include,
					"$(SRCROOT)/**",
				);
				INFOPLIST_FILE = "PicTableView/PicTableView-Info.plist";
				IPHONEOS_DEPLOYMENT_TARGET = 6.0;
				OTHER_LDFLAGS = "-ObjC";
				PRODUCT_NAME = "$(TARGET_NAME)";
				WRAPPER_EXTENSION = app;
			};
			name = Release;
		};
		045FEE8D18B2ED6E00D92F97 /* Debug */ = {
			isa = XCBuildConfiguration;
			buildSettings = {
				ARCHS = "$(ARCHS_STANDARD_INCLUDING_64_BIT)";
				BUNDLE_LOADER = "$(BUILT_PRODUCTS_DIR)/PicTableView.app/PicTableView";
				FRAMEWORK_SEARCH_PATHS = (
					"$(SDKROOT)/Developer/Library/Frameworks",
					"$(inherited)",
					"$(DEVELOPER_FRAMEWORKS_DIR)",
				);
				GCC_PRECOMPILE_PREFIX_HEADER = YES;
				GCC_PREFIX_HEADER = "PicTableView/PicTableView-Prefix.pch";
				GCC_PREPROCESSOR_DEFINITIONS = (
					"DEBUG=1",
					"$(inherited)",
				);
				INFOPLIST_FILE = "PicTableViewTests/PicTableViewTests-Info.plist";
				PRODUCT_NAME = "$(TARGET_NAME)";
				TEST_HOST = "$(BUNDLE_LOADER)";
				WRAPPER_EXTENSION = xctest;
			};
			name = Debug;
		};
		045FEE8E18B2ED6E00D92F97 /* Release */ = {
			isa = XCBuildConfiguration;
			buildSettings = {
				ARCHS = "$(ARCHS_STANDARD_INCLUDING_64_BIT)";
				BUNDLE_LOADER = "$(BUILT_PRODUCTS_DIR)/PicTableView.app/PicTableView";
				FRAMEWORK_SEARCH_PATHS = (
					"$(SDKROOT)/Developer/Library/Frameworks",
					"$(inherited)",
					"$(DEVELOPER_FRAMEWORKS_DIR)",
				);
				GCC_PRECOMPILE_PREFIX_HEADER = YES;
				GCC_PREFIX_HEADER = "PicTableView/PicTableView-Prefix.pch";
				INFOPLIST_FILE = "PicTableViewTests/PicTableViewTests-Info.plist";
				PRODUCT_NAME = "$(TARGET_NAME)";
				TEST_HOST = "$(BUNDLE_LOADER)";
				WRAPPER_EXTENSION = xctest;
			};
			name = Release;
		};
/* End XCBuildConfiguration section */

/* Begin XCConfigurationList section */
		045FEE5218B2ED6E00D92F97 /* Build configuration list for PBXProject "PicTableView" */ = {
			isa = XCConfigurationList;
			buildConfigurations = (
				045FEE8718B2ED6E00D92F97 /* Debug */,
				045FEE8818B2ED6E00D92F97 /* Release */,
			);
			defaultConfigurationIsVisible = 0;
			defaultConfigurationName = Release;
		};
		045FEE8918B2ED6E00D92F97 /* Build configuration list for PBXNativeTarget "PicTableView" */ = {
			isa = XCConfigurationList;
			buildConfigurations = (
				045FEE8A18B2ED6E00D92F97 /* Debug */,
				045FEE8B18B2ED6E00D92F97 /* Release */,
			);
			defaultConfigurationIsVisible = 0;
			defaultConfigurationName = Release;
		};
		045FEE8C18B2ED6E00D92F97 /* Build configuration list for PBXNativeTarget "PicTableViewTests" */ = {
			isa = XCConfigurationList;
			buildConfigurations = (
				045FEE8D18B2ED6E00D92F97 /* Debug */,
				045FEE8E18B2ED6E00D92F97 /* Release */,
			);
			defaultConfigurationIsVisible = 0;
			defaultConfigurationName = Release;
		};
/* End XCConfigurationList section */
	};
	rootObject = 045FEE4F18B2ED6E00D92F97 /* Project object */;
}
